
Microsoft Visual Studio Solution File, Format Version 12.00
# Visual Studio Version 16
VisualStudioVersion = 16.0.29201.188
MinimumVisualStudioVersion = 10.0.40219.1
Project("{FAE04EC0-301F-11D3-BF4B-00C04F79EFBC}") = "L2-P3-10. HttpWebServer", "L2-P3-10. HttpWebServer\L2-P3-10. HttpWebServer.csproj", "{CF7DF4EE-7D01-42A0-87F8-ACD4F44E3B3A}"
EndProject
Global
	GlobalSection(SolutionConfigurationPlatforms) = preSolution
		Debug|Any CPU = Debug|Any CPU
		Release|Any CPU = Release|Any CPU
	EndGlobalSection
	GlobalSection(ProjectConfigurationPlatforms) = postSolution
		{CF7DF4EE-7D01-42A0-87F8-ACD4F44E3B3A}.Debug|Any CPU.ActiveCfg = Debug|Any CPU
		{CF7DF4EE-7D01-42A0-87F8-ACD4F44E3B3A}.Debug|Any CPU.Build.0 = Debug|Any CPU
		{CF7DF4EE-7D01-42A0-87F8-ACD4F44E3B3A}.Release|Any CPU.ActiveCfg = Release|Any CPU
		{CF7DF4EE-7D01-42A0-87F8-ACD4F44E3B3A}.Release|Any CPU.Build.0 = Release|Any CPU
	EndGlobalSection
	GlobalSection(SolutionProperties) = preSolution
		HideSolutionNode = FALSE
	EndGlobalSection
	GlobalSection(ExtensibilityGlobals) = postSolution
		SolutionGuid = {D55F1896-5EB0-42D6-8374-333CD56F649E}
	EndGlobalSection
EndGlobal
